// !$*UTF8*$!
{
	archiveVersion = 1;
	classes = {
	};
	objectVersion = 77;
	objects = {

/* Begin PBXBuildFile section */
		5A9E89FC2E0C2388005E1A6C /* XCAFootballDataClient in Frameworks */ = {isa = PBXBuildFile; productRef = 5A9E89FB2E0C2388005E1A6C /* XCAFootballDataClient */; };
		5A9E89FF2E0C24D0005E1A6C /* RealityKitContent in Frameworks */ = {isa = PBXBuildFile; productRef = 5A9E89FE2E0C24D0005E1A6C /* RealityKitContent */; };
		5A9E8A012E0C2A3D005E1A6C /* Readme.md in Resources */ = {isa = PBXBuildFile; fileRef = 5A9E8A002E0C2A34005E1A6C /* Readme.md */; };
/* End PBXBuildFile section */

/* Begin PBXContainerItemProxy section */
		5AD5C0152E0B77EA0003D2DB /* PBXContainerItemProxy */ = {
			isa = PBXContainerItemProxy;
			containerPortal = 5AD5BFFA2E0B77E60003D2DB /* Project object */;
			proxyType = 1;
			remoteGlobalIDString = 5AD5C0012E0B77E60003D2DB;
			remoteInfo = ScoreTracker;
		};
/* End PBXContainerItemProxy section */

/* Begin PBXFileReference section */
		5A9E89F52E0C1D40005E1A6C /* RealityKit.framework */ = {isa = PBXFileReference; lastKnownFileType = wrapper.framework; name = RealityKit.framework; path = System/Library/Frameworks/RealityKit.framework; sourceTree = SDKROOT; };
		5A9E8A002E0C2A34005E1A6C /* Readme.md */ = {isa = PBXFileReference; lastKnownFileType = net.daringfireball.markdown; path = Readme.md; sourceTree = "<group>"; };
		5AD5C0022E0B77E60003D2DB /* ScoreTracker.app */ = {isa = PBXFileReference; explicitFileType = wrapper.application; includeInIndex = 0; path = ScoreTracker.app; sourceTree = BUILT_PRODUCTS_DIR; };
		5AD5C0062E0B77E70003D2DB /* RealityKitContent */ = {isa = PBXFileReference; lastKnownFileType = wrapper; path = RealityKitContent; sourceTree = "<group>"; };
		5AD5C0142E0B77EA0003D2DB /* ScoreTrackerTests.xctest */ = {isa = PBXFileReference; explicitFileType = wrapper.cfbundle; includeInIndex = 0; path = ScoreTrackerTests.xctest; sourceTree = BUILT_PRODUCTS_DIR; };
/* End PBXFileReference section */

/* Begin PBXFileSystemSynchronizedBuildFileExceptionSet section */
		5AD5C01A2E0B77EA0003D2DB /* Exceptions for "ScoreTracker" folder in "ScoreTracker" target */ = {
			isa = PBXFileSystemSynchronizedBuildFileExceptionSet;
			membershipExceptions = (
				Info.plist,
			);
			target = 5AD5C0012E0B77E60003D2DB /* ScoreTracker */;
		};
/* End PBXFileSystemSynchronizedBuildFileExceptionSet section */

/* Begin PBXFileSystemSynchronizedRootGroup section */
		5AD5C0042E0B77E60003D2DB /* ScoreTracker */ = {
			isa = PBXFileSystemSynchronizedRootGroup;
			exceptions = (
				5AD5C01A2E0B77EA0003D2DB /* Exceptions for "ScoreTracker" folder in "ScoreTracker" target */,
			);
			path = ScoreTracker;
			sourceTree = "<group>";
		};
		5AD5C0172E0B77EA0003D2DB /* ScoreTrackerTests */ = {
			isa = PBXFileSystemSynchronizedRootGroup;
			path = ScoreTrackerTests;
			sourceTree = "<group>";
		};
/* End PBXFileSystemSynchronizedRootGroup section */

/* Begin PBXFrameworksBuildPhase section */
		5AD5BFFF2E0B77E60003D2DB /* Frameworks */ = {
			isa = PBXFrameworksBuildPhase;
			buildActionMask = 2147483647;
			files = (
				5A9E89FF2E0C24D0005E1A6C /* RealityKitContent in Frameworks */,
				5A9E89FC2E0C2388005E1A6C /* XCAFootballDataClient in Frameworks */,
			);
			runOnlyForDeploymentPostprocessing = 0;
		};
		5AD5C0112E0B77EA0003D2DB /* Frameworks */ = {
			isa = PBXFrameworksBuildPhase;
			buildActionMask = 2147483647;
			files = (
			);
			runOnlyForDeploymentPostprocessing = 0;
		};
/* End PBXFrameworksBuildPhase section */

/* Begin PBXGroup section */
		5A9E89F42E0C1D40005E1A6C /* Frameworks */ = {
			isa = PBXGroup;
			children = (
				5A9E89F52E0C1D40005E1A6C /* RealityKit.framework */,
			);
			name = Frameworks;
			sourceTree = "<group>";
		};
		5AD5BFF92E0B77E60003D2DB = {
			isa = PBXGroup;
			children = (
				5A9E8A002E0C2A34005E1A6C /* Readme.md */,
				5AD5C0042E0B77E60003D2DB /* ScoreTracker */,
				5AD5C0052E0B77E60003D2DB /* Packages */,
				5AD5C0172E0B77EA0003D2DB /* ScoreTrackerTests */,
				5A9E89F42E0C1D40005E1A6C /* Frameworks */,
				5AD5C0032E0B77E60003D2DB /* Products */,
			);
			sourceTree = "<group>";
		};
		5AD5C0032E0B77E60003D2DB /* Products */ = {
			isa = PBXGroup;
			children = (
				5AD5C0022E0B77E60003D2DB /* ScoreTracker.app */,
				5AD5C0142E0B77EA0003D2DB /* ScoreTrackerTests.xctest */,
			);
			name = Products;
			sourceTree = "<group>";
		};
		5AD5C0052E0B77E60003D2DB /* Packages */ = {
			isa = PBXGroup;
			children = (
				5AD5C0062E0B77E70003D2DB /* RealityKitContent */,
			);
			path = Packages;
			sourceTree = "<group>";
		};
/* End PBXGroup section */

/* Begin PBXNativeTarget section */
		5AD5C0012E0B77E60003D2DB /* ScoreTracker */ = {
			isa = PBXNativeTarget;
			buildConfigurationList = 5AD5C01B2E0B77EA0003D2DB /* Build configuration list for PBXNativeTarget "ScoreTracker" */;
			buildPhases = (
				5AD5BFFE2E0B77E60003D2DB /* Sources */,
				5AD5BFFF2E0B77E60003D2DB /* Frameworks */,
				5AD5C0002E0B77E60003D2DB /* Resources */,
			);
			buildRules = (
			);
			dependencies = (
			);
			fileSystemSynchronizedGroups = (
				5AD5C0042E0B77E60003D2DB /* ScoreTracker */,
			);
			name = ScoreTracker;
			packageProductDependencies = (
				5A9E89FB2E0C2388005E1A6C /* XCAFootballDataClient */,
				5A9E89FE2E0C24D0005E1A6C /* RealityKitContent */,
			);
			productName = ScoreTracker;
			productReference = 5AD5C0022E0B77E60003D2DB /* ScoreTracker.app */;
			productType = "com.apple.product-type.application";
		};
		5AD5C0132E0B77EA0003D2DB /* ScoreTrackerTests */ = {
			isa = PBXNativeTarget;
			buildConfigurationList = 5AD5C0202E0B77EA0003D2DB /* Build configuration list for PBXNativeTarget "ScoreTrackerTests" */;
			buildPhases = (
				5AD5C0102E0B77EA0003D2DB /* Sources */,
				5AD5C0112E0B77EA0003D2DB /* Frameworks */,
				5AD5C0122E0B77EA0003D2DB /* Resources */,
			);
			buildRules = (
			);
			dependencies = (
				5AD5C0162E0B77EA0003D2DB /* PBXTargetDependency */,
			);
			fileSystemSynchronizedGroups = (
				5AD5C0172E0B77EA0003D2DB /* ScoreTrackerTests */,
			);
			name = ScoreTrackerTests;
			packageProductDependencies = (
			);
			productName = ScoreTrackerTests;
			productReference = 5AD5C0142E0B77EA0003D2DB /* ScoreTrackerTests.xctest */;
			productType = "com.apple.product-type.bundle.unit-test";
		};
/* End PBXNativeTarget section */

/* Begin PBXProject section */
		5AD5BFFA2E0B77E60003D2DB /* Project object */ = {
			isa = PBXProject;
			attributes = {
				BuildIndependentTargetsInParallel = 1;
				LastSwiftUpdateCheck = 1640;
				LastUpgradeCheck = 1640;
				TargetAttributes = {
					5AD5C0012E0B77E60003D2DB = {
						CreatedOnToolsVersion = 16.4;
					};
					5AD5C0132E0B77EA0003D2DB = {
						CreatedOnToolsVersion = 16.4;
						TestTargetID = 5AD5C0012E0B77E60003D2DB;
					};
				};
			};
			buildConfigurationList = 5AD5BFFD2E0B77E60003D2DB /* Build configuration list for PBXProject "ScoreTracker" */;
			developmentRegion = en;
			hasScannedForEncodings = 0;
			knownRegions = (
				en,
				Base,
			);
			mainGroup = 5AD5BFF92E0B77E60003D2DB;
			minimizedProjectReferenceProxies = 1;
			packageReferences = (
				5A9E89FA2E0C2388005E1A6C /* XCRemoteSwiftPackageReference "XCAFootballDataClient" */,
				5A9E89FD2E0C2401005E1A6C /* XCRemoteSwiftPackageReference "SVGImageSwiftUI" */,
			);
			preferredProjectObjectVersion = 77;
			productRefGroup = 5AD5C0032E0B77E60003D2DB /* Products */;
			projectDirPath = "";
			projectRoot = "";
			targets = (
				5AD5C0012E0B77E60003D2DB /* ScoreTracker */,
				5AD5C0132E0B77EA0003D2DB /* ScoreTrackerTests */,
			);
		};
/* End PBXProject section */

/* Begin PBXResourcesBuildPhase section */
		5AD5C0002E0B77E60003D2DB /* Resources */ = {
			isa = PBXResourcesBuildPhase;
			buildActionMask = 2147483647;
			files = (
				5A9E8A012E0C2A3D005E1A6C /* Readme.md in Resources */,
			);
			runOnlyForDeploymentPostprocessing = 0;
		};
		5AD5C0122E0B77EA0003D2DB /* Resources */ = {
			isa = PBXResourcesBuildPhase;
			buildActionMask = 2147483647;
			files = (
			);
			runOnlyForDeploymentPostprocessing = 0;
		};
/* End PBXResourcesBuildPhase section */

/* Begin PBXSourcesBuildPhase section */
		5AD5BFFE2E0B77E60003D2DB /* Sources */ = {
			isa = PBXSourcesBuildPhase;
			buildActionMask = 2147483647;
			files = (
			);
			runOnlyForDeploymentPostprocessing = 0;
		};
		5AD5C0102E0B77EA0003D2DB /* Sources */ = {
			isa = PBXSourcesBuildPhase;
			buildActionMask = 2147483647;
			files = (
			);
			runOnlyForDeploymentPostprocessing = 0;
		};
/* End PBXSourcesBuildPhase section */

/* Begin PBXTargetDependency section */
		5AD5C0162E0B77EA0003D2DB /* PBXTargetDependency */ = {
			isa = PBXTargetDependency;
			target = 5AD5C0012E0B77E60003D2DB /* ScoreTracker */;
			targetProxy = 5AD5C0152E0B77EA0003D2DB /* PBXContainerItemProxy */;
		};
/* End PBXTargetDependency section */

/* Begin XCBuildConfiguration section */
		5AD5C01C2E0B77EA0003D2DB /* Debug */ = {
			isa = XCBuildConfiguration;
			buildSettings = {
				ASSETCATALOG_COMPILER_APPICON_NAME = AppIcon;
				ASSETCATALOG_COMPILER_GLOBAL_ACCENT_COLOR_NAME = AccentColor;
				CODE_SIGN_STYLE = Automatic;
				CURRENT_PROJECT_VERSION = 1;
				ENABLE_PREVIEWS = YES;
				GENERATE_INFOPLIST_FILE = YES;
				INFOPLIST_FILE = "$(TARGET_NAME)/Info.plist";
				LD_RUNPATH_SEARCH_PATHS = (
					"$(inherited)",
					"@executable_path/Frameworks",
				);
				MARKETING_VERSION = 1.0;
				PRODUCT_BUNDLE_IDENTIFIER = com.ba.ScoreTracker;
				PRODUCT_NAME = "$(TARGET_NAME)";
				SUPPORTED_PLATFORMS = "xros xrsimulator";
				SWIFT_EMIT_LOC_STRINGS = YES;
				SWIFT_VERSION = 5.0;
				TARGETED_DEVICE_FAMILY = 7;
			};
			name = Debug;
		};
		5AD5C01D2E0B77EA0003D2DB /* Release */ = {
			isa = XCBuildConfiguration;
			buildSettings = {
				ASSETCATALOG_COMPILER_APPICON_NAME = AppIcon;
				ASSETCATALOG_COMPILER_GLOBAL_ACCENT_COLOR_NAME = AccentColor;
				CODE_SIGN_STYLE = Automatic;
				CURRENT_PROJECT_VERSION = 1;
				ENABLE_PREVIEWS = YES;
				GENERATE_INFOPLIST_FILE = YES;
				INFOPLIST_FILE = "$(TARGET_NAME)/Info.plist";
				LD_RUNPATH_SEARCH_PATHS = (
					"$(inherited)",
					"@executable_path/Frameworks",
				);
				MARKETING_VERSION = 1.0;
				PRODUCT_BUNDLE_IDENTIFIER = com.ba.ScoreTracker;
				PRODUCT_NAME = "$(TARGET_NAME)";
				SUPPORTED_PLATFORMS = "xros xrsimulator";
				SWIFT_EMIT_LOC_STRINGS = YES;
				SWIFT_VERSION = 5.0;
				TARGETED_DEVICE_FAMILY = 7;
			};
			name = Release;
		};
		5AD5C01E2E0B77EA0003D2DB /* Debug */ = {
			isa = XCBuildConfiguration;
			buildSettings = {
				ALWAYS_SEARCH_USER_PATHS = NO;
				ASSETCATALOG_COMPILER_GENERATE_SWIFT_ASSET_SYMBOL_EXTENSIONS = YES;
				CLANG_ANALYZER_NONNULL = YES;
				CLANG_ANALYZER_NUMBER_OBJECT_CONVERSION = YES_AGGRESSIVE;
				CLANG_CXX_LANGUAGE_STANDARD = "gnu++20";
				CLANG_ENABLE_MODULES = YES;
				CLANG_ENABLE_OBJC_ARC = YES;
				CLANG_ENABLE_OBJC_WEAK = YES;
				CLANG_WARN_BLOCK_CAPTURE_AUTORELEASING = YES;
				CLANG_WARN_BOOL_CONVERSION = YES;
				CLANG_WARN_COMMA = YES;
				CLANG_WARN_CONSTANT_CONVERSION = YES;
				CLANG_WARN_DEPRECATED_OBJC_IMPLEMENTATIONS = YES;
				CLANG_WARN_DIRECT_OBJC_ISA_USAGE = YES_ERROR;
				CLANG_WARN_DOCUMENTATION_COMMENTS = YES;
				CLANG_WARN_EMPTY_BODY = YES;
				CLANG_WARN_ENUM_CONVERSION = YES;
				CLANG_WARN_INFINITE_RECURSION = YES;
				CLANG_WARN_INT_CONVERSION = YES;
				CLANG_WARN_NON_LITERAL_NULL_CONVERSION = YES;
				CLANG_WARN_OBJC_IMPLICIT_RETAIN_SELF = YES;
				CLANG_WARN_OBJC_LITERAL_CONVERSION = YES;
				CLANG_WARN_OBJC_ROOT_CLASS = YES_ERROR;
				CLANG_WARN_QUOTED_INCLUDE_IN_FRAMEWORK_HEADER = YES;
				CLANG_WARN_RANGE_LOOP_ANALYSIS = YES;
				CLANG_WARN_STRICT_PROTOTYPES = YES;
				CLANG_WARN_SUSPICIOUS_MOVE = YES;
				CLANG_WARN_UNGUARDED_AVAILABILITY = YES_AGGRESSIVE;
				CLANG_WARN_UNREACHABLE_CODE = YES;
				CLANG_WARN__DUPLICATE_METHOD_MATCH = YES;
				COPY_PHASE_STRIP = NO;
				DEBUG_INFORMATION_FORMAT = dwarf;
				ENABLE_STRICT_OBJC_MSGSEND = YES;
				ENABLE_TESTABILITY = YES;
				ENABLE_USER_SCRIPT_SANDBOXING = YES;
				GCC_C_LANGUAGE_STANDARD = gnu17;
				GCC_DYNAMIC_NO_PIC = NO;
				GCC_NO_COMMON_BLOCKS = YES;
				GCC_OPTIMIZATION_LEVEL = 0;
				GCC_PREPROCESSOR_DEFINITIONS = (
					"DEBUG=1",
					"$(inherited)",
				);
				GCC_WARN_64_TO_32_BIT_CONVERSION = YES;
				GCC_WARN_ABOUT_RETURN_TYPE = YES_ERROR;
				GCC_WARN_UNDECLARED_SELECTOR = YES;
				GCC_WARN_UNINITIALIZED_AUTOS = YES_AGGRESSIVE;
				GCC_WARN_UNUSED_FUNCTION = YES;
				GCC_WARN_UNUSED_VARIABLE = YES;
				LOCALIZATION_PREFERS_STRING_CATALOGS = YES;
				MTL_ENABLE_DEBUG_INFO = INCLUDE_SOURCE;
				MTL_FAST_MATH = YES;
				ONLY_ACTIVE_ARCH = YES;
				SDKROOT = xros;
				SWIFT_ACTIVE_COMPILATION_CONDITIONS = "DEBUG $(inherited)";
				SWIFT_OPTIMIZATION_LEVEL = "-Onone";
				XROS_DEPLOYMENT_TARGET = 2.5;
			};
			name = Debug;
		};
		5AD5C01F2E0B77EA0003D2DB /* Release */ = {
			isa = XCBuildConfiguration;
			buildSettings = {
				ALWAYS_SEARCH_USER_PATHS = NO;
				ASSETCATALOG_COMPILER_GENERATE_SWIFT_ASSET_SYMBOL_EXTENSIONS = YES;
				CLANG_ANALYZER_NONNULL = YES;
				CLANG_ANALYZER_NUMBER_OBJECT_CONVERSION = YES_AGGRESSIVE;
				CLANG_CXX_LANGUAGE_STANDARD = "gnu++20";
				CLANG_ENABLE_MODULES = YES;
				CLANG_ENABLE_OBJC_ARC = YES;
				CLANG_ENABLE_OBJC_WEAK = YES;
				CLANG_WARN_BLOCK_CAPTURE_AUTORELEASING = YES;
				CLANG_WARN_BOOL_CONVERSION = YES;
				CLANG_WARN_COMMA = YES;
				CLANG_WARN_CONSTANT_CONVERSION = YES;
				CLANG_WARN_DEPRECATED_OBJC_IMPLEMENTATIONS = YES;
				CLANG_WARN_DIRECT_OBJC_ISA_USAGE = YES_ERROR;
				CLANG_WARN_DOCUMENTATION_COMMENTS = YES;
				CLANG_WARN_EMPTY_BODY = YES;
				CLANG_WARN_ENUM_CONVERSION = YES;
				CLANG_WARN_INFINITE_RECURSION = YES;
				CLANG_WARN_INT_CONVERSION = YES;
				CLANG_WARN_NON_LITERAL_NULL_CONVERSION = YES;
				CLANG_WARN_OBJC_IMPLICIT_RETAIN_SELF = YES;
				CLANG_WARN_OBJC_LITERAL_CONVERSION = YES;
				CLANG_WARN_OBJC_ROOT_CLASS = YES_ERROR;
				CLANG_WARN_QUOTED_INCLUDE_IN_FRAMEWORK_HEADER = YES;
				CLANG_WARN_RANGE_LOOP_ANALYSIS = YES;
				CLANG_WARN_STRICT_PROTOTYPES = YES;
				CLANG_WARN_SUSPICIOUS_MOVE = YES;
				CLANG_WARN_UNGUARDED_AVAILABILITY = YES_AGGRESSIVE;
				CLANG_WARN_UNREACHABLE_CODE = YES;
				CLANG_WARN__DUPLICATE_METHOD_MATCH = YES;
				COPY_PHASE_STRIP = NO;
				DEBUG_INFORMATION_FORMAT = "dwarf-with-dsym";
				ENABLE_NS_ASSERTIONS = NO;
				ENABLE_STRICT_OBJC_MSGSEND = YES;
				ENABLE_USER_SCRIPT_SANDBOXING = YES;
				GCC_C_LANGUAGE_STANDARD = gnu17;
				GCC_NO_COMMON_BLOCKS = YES;
				GCC_WARN_64_TO_32_BIT_CONVERSION = YES;
				GCC_WARN_ABOUT_RETURN_TYPE = YES_ERROR;
				GCC_WARN_UNDECLARED_SELECTOR = YES;
				GCC_WARN_UNINITIALIZED_AUTOS = YES_AGGRESSIVE;
				GCC_WARN_UNUSED_FUNCTION = YES;
				GCC_WARN_UNUSED_VARIABLE = YES;
				LOCALIZATION_PREFERS_STRING_CATALOGS = YES;
				MTL_ENABLE_DEBUG_INFO = NO;
				MTL_FAST_MATH = YES;
				SDKROOT = xros;
				SWIFT_COMPILATION_MODE = wholemodule;
				VALIDATE_PRODUCT = YES;
				XROS_DEPLOYMENT_TARGET = 2.5;
			};
			name = Release;
		};
		5AD5C0212E0B77EA0003D2DB /* Debug */ = {
			isa = XCBuildConfiguration;
			buildSettings = {
				BUNDLE_LOADER = "$(TEST_HOST)";
				CODE_SIGN_STYLE = Automatic;
				CURRENT_PROJECT_VERSION = 1;
				GENERATE_INFOPLIST_FILE = YES;
				MARKETING_VERSION = 1.0;
				PRODUCT_BUNDLE_IDENTIFIER = com.ba.ScoreTrackerTests;
				PRODUCT_NAME = "$(TARGET_NAME)";
				SUPPORTED_PLATFORMS = "xros xrsimulator";
				SWIFT_EMIT_LOC_STRINGS = NO;
				SWIFT_VERSION = 5.0;
				TARGETED_DEVICE_FAMILY = 7;
				TEST_HOST = "$(BUILT_PRODUCTS_DIR)/ScoreTracker.app/$(BUNDLE_EXECUTABLE_FOLDER_PATH)/ScoreTracker";
				XROS_DEPLOYMENT_TARGET = 2.5;
			};
			name = Debug;
		};
		5AD5C0222E0B77EA0003D2DB /* Release */ = {
			isa = XCBuildConfiguration;
			buildSettings = {
				BUNDLE_LOADER = "$(TEST_HOST)";
				CODE_SIGN_STYLE = Automatic;
				CURRENT_PROJECT_VERSION = 1;
				GENERATE_INFOPLIST_FILE = YES;
				MARKETING_VERSION = 1.0;
				PRODUCT_BUNDLE_IDENTIFIER = com.ba.ScoreTrackerTests;
				PRODUCT_NAME = "$(TARGET_NAME)";
				SUPPORTED_PLATFORMS = "xros xrsimulator";
				SWIFT_EMIT_LOC_STRINGS = NO;
				SWIFT_VERSION = 5.0;
				TARGETED_DEVICE_FAMILY = 7;
				TEST_HOST = "$(BUILT_PRODUCTS_DIR)/ScoreTracker.app/$(BUNDLE_EXECUTABLE_FOLDER_PATH)/ScoreTracker";
				XROS_DEPLOYMENT_TARGET = 2.5;
			};
			name = Release;
		};
/* End XCBuildConfiguration section */

/* Begin XCConfigurationList section */
		5AD5BFFD2E0B77E60003D2DB /* Build configuration list for PBXProject "ScoreTracker" */ = {
			isa = XCConfigurationList;
			buildConfigurations = (
				5AD5C01E2E0B77EA0003D2DB /* Debug */,
				5AD5C01F2E0B77EA0003D2DB /* Release */,
			);
			defaultConfigurationIsVisible = 0;
			defaultConfigurationName = Release;
		};
		5AD5C01B2E0B77EA0003D2DB /* Build configuration list for PBXNativeTarget "ScoreTracker" */ = {
			isa = XCConfigurationList;
			buildConfigurations = (
				5AD5C01C2E0B77EA0003D2DB /* Debug */,
				5AD5C01D2E0B77EA0003D2DB /* Release */,
			);
			defaultConfigurationIsVisible = 0;
			defaultConfigurationName = Release;
		};
		5AD5C0202E0B77EA0003D2DB /* Build configuration list for PBXNativeTarget "ScoreTrackerTests" */ = {
			isa = XCConfigurationList;
			buildConfigurations = (
				5AD5C0212E0B77EA0003D2DB /* Debug */,
				5AD5C0222E0B77EA0003D2DB /* Release */,
			);
			defaultConfigurationIsVisible = 0;
			defaultConfigurationName = Release;
		};
/* End XCConfigurationList section */

/* Begin XCRemoteSwiftPackageReference section */
		5A9E89FA2E0C2388005E1A6C /* XCRemoteSwiftPackageReference "XCAFootballDataClient" */ = {
			isa = XCRemoteSwiftPackageReference;
			repositoryURL = "https://github.com/alfianlosari/XCAFootballDataClient";
			requirement = {
				kind = upToNextMajorVersion;
				minimumVersion = 0.1.0;
			};
		};
		5A9E89FD2E0C2401005E1A6C /* XCRemoteSwiftPackageReference "SVGImageSwiftUI" */ = {
			isa = XCRemoteSwiftPackageReference;
			repositoryURL = "https://github.com/alfianlosari/SVGImageSwiftUI";
			requirement = {
				kind = upToNextMajorVersion;
				minimumVersion = 0.3.0;
			};
		};
/* End XCRemoteSwiftPackageReference section */

/* Begin XCSwiftPackageProductDependency section */
		5A9E89FB2E0C2388005E1A6C /* XCAFootballDataClient */ = {
			isa = XCSwiftPackageProductDependency;
			package = 5A9E89FA2E0C2388005E1A6C /* XCRemoteSwiftPackageReference "XCAFootballDataClient" */;
			productName = XCAFootballDataClient;
		};
		5A9E89FE2E0C24D0005E1A6C /* RealityKitContent */ = {
			isa = XCSwiftPackageProductDependency;
			productName = RealityKitContent;
		};
/* End XCSwiftPackageProductDependency section */
	};
	rootObject = 5AD5BFFA2E0B77E60003D2DB /* Project object */;
}
